
Microsoft Visual Studio Solution File, Format Version 12.00
# Visual Studio 15
VisualStudioVersion = 15.0.28307.1267
MinimumVisualStudioVersion = 10.0.40219.1
Project("{A07B5EB6-E848-4116-A8D0-A826331D98C6}") = "Application", "Application\Application.sfproj", "{914B3E1E-A4F4-4209-82B7-54A04B5C0C61}"
EndProject
Project("{FAE04EC0-301F-11D3-BF4B-00C04F79EFBC}") = "Stateless", "Stateless\Stateless.csproj", "{0A3F0177-C8D2-4A0F-8F9C-94030AA69885}"
EndProject
Global
	GlobalSection(SolutionConfigurationPlatforms) = preSolution
		Debug|Any CPU = Debug|Any CPU
		Debug|x64 = Debug|x64
		Release|Any CPU = Release|Any CPU
		Release|x64 = Release|x64
	EndGlobalSection
	GlobalSection(ProjectConfigurationPlatforms) = postSolution
		{914B3E1E-A4F4-4209-82B7-54A04B5C0C61}.Debug|Any CPU.ActiveCfg = Debug|x64
		{914B3E1E-A4F4-4209-82B7-54A04B5C0C61}.Debug|x64.ActiveCfg = Debug|x64
		{914B3E1E-A4F4-4209-82B7-54A04B5C0C61}.Debug|x64.Build.0 = Debug|x64
		{914B3E1E-A4F4-4209-82B7-54A04B5C0C61}.Debug|x64.Deploy.0 = Debug|x64
		{914B3E1E-A4F4-4209-82B7-54A04B5C0C61}.Release|Any CPU.ActiveCfg = Release|x64
		{914B3E1E-A4F4-4209-82B7-54A04B5C0C61}.Release|x64.ActiveCfg = Release|x64
		{914B3E1E-A4F4-4209-82B7-54A04B5C0C61}.Release|x64.Build.0 = Release|x64
		{914B3E1E-A4F4-4209-82B7-54A04B5C0C61}.Release|x64.Deploy.0 = Release|x64
		{0A3F0177-C8D2-4A0F-8F9C-94030AA69885}.Debug|Any CPU.ActiveCfg = Debug|Any CPU
		{0A3F0177-C8D2-4A0F-8F9C-94030AA69885}.Debug|Any CPU.Build.0 = Debug|Any CPU
		{0A3F0177-C8D2-4A0F-8F9C-94030AA69885}.Debug|x64.ActiveCfg = Debug|Any CPU
		{0A3F0177-C8D2-4A0F-8F9C-94030AA69885}.Debug|x64.Build.0 = Debug|Any CPU
		{0A3F0177-C8D2-4A0F-8F9C-94030AA69885}.Release|Any CPU.ActiveCfg = Release|Any CPU
		{0A3F0177-C8D2-4A0F-8F9C-94030AA69885}.Release|Any CPU.Build.0 = Release|Any CPU
		{0A3F0177-C8D2-4A0F-8F9C-94030AA69885}.Release|x64.ActiveCfg = Release|Any CPU
		{0A3F0177-C8D2-4A0F-8F9C-94030AA69885}.Release|x64.Build.0 = Release|Any CPU
	EndGlobalSection
	GlobalSection(SolutionProperties) = preSolution
		HideSolutionNode = FALSE
	EndGlobalSection
	GlobalSection(ExtensibilityGlobals) = postSolution
		SolutionGuid = {9208606C-D530-4301-BC87-6C2C98ADC126}
	EndGlobalSection
EndGlobal
